{
  "name": "@productengineered/agent-room",
  "version": "0.1.0",
  "lockfileVersion": 3,
  "requires": true,
  "packages": {
    "": {
      "name": "@productengineered/agent-room",
      "version": "0.1.0",
      "os": [
        "darwin"
      ],
      "bin": {
        "agent-room": "bin/agent-room.mjs"
      },
      "engines": {
        "node": ">=24.20.0 <25 || >=26.0.0 <27"
      }
    }
  }
}
