{
  "name": "@productengineered/wapentake",
  "version": "0.3.0",
  "lockfileVersion": 3,
  "requires": true,
  "packages": {
    "": {
      "name": "@productengineered/wapentake",
      "version": "0.3.0",
      "os": [
        "darwin"
      ],
      "bin": {
        "wapentake": "bin/wapentake.mjs"
      },
      "engines": {
        "node": ">=24.20.0 <25 || >=26.0.0 <27"
      }
    }
  }
}
